// !$*UTF8*$!
{
	archiveVersion = 1;
	classes = {
	};
	objectVersion = 55;
	objects = {

/* Begin PBXBuildFile section */
		D465CC5E2819988E00D07E25 /* AppDelegate.swift in Sources */ = {isa = PBXBuildFile; fileRef = D465CC5D2819988E00D07E25 /* AppDelegate.swift */; };
		D465CC602819988E00D07E25 /* SceneDelegate.swift in Sources */ = {isa = PBXBuildFile; fileRef = D465CC5F2819988E00D07E25 /* SceneDelegate.swift */; };
		D465CC652819988E00D07E25 /* Main.storyboard in Resources */ = {isa = PBXBuildFile; fileRef = D465CC632819988E00D07E25 /* Main.storyboard */; };
		D465CC672819989000D07E25 /* Assets.xcassets in Resources */ = {isa = PBXBuildFile; fileRef = D465CC662819989000D07E25 /* Assets.xcassets */; };
		D465CC6A2819989000D07E25 /* LaunchScreen.storyboard in Resources */ = {isa = PBXBuildFile; fileRef = D465CC682819989000D07E25 /* LaunchScreen.storyboard */; };
		D465CC72281999EA00D07E25 /* PhotosCollectionViewController.swift in Sources */ = {isa = PBXBuildFile; fileRef = D465CC71281999EA00D07E25 /* PhotosCollectionViewController.swift */; };
		D48623DA281A8437006897EF /* PhotoCell.swift in Sources */ = {isa = PBXBuildFile; fileRef = D48623D9281A8437006897EF /* PhotoCell.swift */; };
		D48623DC281ABB32006897EF /* PhotoViewController.swift in Sources */ = {isa = PBXBuildFile; fileRef = D48623DB281ABB32006897EF /* PhotoViewController.swift */; };
/* End PBXBuildFile section */

/* Begin PBXFileReference section */
		D465CC5A2819988E00D07E25 /* PhotoTapps.app */ = {isa = PBXFileReference; explicitFileType = wrapper.application; includeInIndex = 0; path = PhotoTapps.app; sourceTree = BUILT_PRODUCTS_DIR; };
		D465CC5D2819988E00D07E25 /* AppDelegate.swift */ = {isa = PBXFileReference; lastKnownFileType = sourcecode.swift; path = AppDelegate.swift; sourceTree = "<group>"; };
		D465CC5F2819988E00D07E25 /* SceneDelegate.swift */ = {isa = PBXFileReference; lastKnownFileType = sourcecode.swift; path = SceneDelegate.swift; sourceTree = "<group>"; };
		D465CC642819988E00D07E25 /* Base */ = {isa = PBXFileReference; lastKnownFileType = file.storyboard; name = Base; path = Base.lproj/Main.storyboard; sourceTree = "<group>"; };
		D465CC662819989000D07E25 /* Assets.xcassets */ = {isa = PBXFileReference; lastKnownFileType = folder.assetcatalog; path = Assets.xcassets; sourceTree = "<group>"; };
		D465CC692819989000D07E25 /* Base */ = {isa = PBXFileReference; lastKnownFileType = file.storyboard; name = Base; path = Base.lproj/LaunchScreen.storyboard; sourceTree = "<group>"; };
		D465CC6B2819989000D07E25 /* Info.plist */ = {isa = PBXFileReference; lastKnownFileType = text.plist.xml; path = Info.plist; sourceTree = "<group>"; };
		D465CC71281999EA00D07E25 /* PhotosCollectionViewController.swift */ = {isa = PBXFileReference; lastKnownFileType = sourcecode.swift; path = PhotosCollectionViewController.swift; sourceTree = "<group>"; };
		D48623D9281A8437006897EF /* PhotoCell.swift */ = {isa = PBXFileReference; lastKnownFileType = sourcecode.swift; path = PhotoCell.swift; sourceTree = "<group>"; };
		D48623DB281ABB32006897EF /* PhotoViewController.swift */ = {isa = PBXFileReference; lastKnownFileType = sourcecode.swift; path = PhotoViewController.swift; sourceTree = "<group>"; };
/* End PBXFileReference section */

/* Begin PBXFrameworksBuildPhase section */
		D465CC572819988E00D07E25 /* Frameworks */ = {
			isa = PBXFrameworksBuildPhase;
			buildActionMask = 2147483647;
			files = (
			);
			runOnlyForDeploymentPostprocessing = 0;
		};
/* End PBXFrameworksBuildPhase section */

/* Begin PBXGroup section */
		D465CC512819988E00D07E25 = {
			isa = PBXGroup;
			children = (
				D465CC5C2819988E00D07E25 /* PhotoTapps */,
				D465CC5B2819988E00D07E25 /* Products */,
			);
			sourceTree = "<group>";
		};
		D465CC5B2819988E00D07E25 /* Products */ = {
			isa = PBXGroup;
			children = (
				D465CC5A2819988E00D07E25 /* PhotoTapps.app */,
			);
			name = Products;
			sourceTree = "<group>";
		};
		D465CC5C2819988E00D07E25 /* PhotoTapps */ = {
			isa = PBXGroup;
			children = (
				D465CC7328199A2300D07E25 /* ViewControllers */,
				D465CC7428199A6800D07E25 /* Storyboards */,
				D465CC7528199A7D00D07E25 /* Resources */,
				D465CC7628199A8700D07E25 /* App */,
			);
			path = PhotoTapps;
			sourceTree = "<group>";
		};
		D465CC7328199A2300D07E25 /* ViewControllers */ = {
			isa = PBXGroup;
			children = (
				D465CC71281999EA00D07E25 /* PhotosCollectionViewController.swift */,
				D48623DB281ABB32006897EF /* PhotoViewController.swift */,
				D48623D9281A8437006897EF /* PhotoCell.swift */,
			);
			path = ViewControllers;
			sourceTree = "<group>";
		};
		D465CC7428199A6800D07E25 /* Storyboards */ = {
			isa = PBXGroup;
			children = (
				D465CC632819988E00D07E25 /* Main.storyboard */,
				D465CC682819989000D07E25 /* LaunchScreen.storyboard */,
			);
			path = Storyboards;
			sourceTree = "<group>";
		};
		D465CC7528199A7D00D07E25 /* Resources */ = {
			isa = PBXGroup;
			children = (
				D465CC662819989000D07E25 /* Assets.xcassets */,
			);
			path = Resources;
			sourceTree = "<group>";
		};
		D465CC7628199A8700D07E25 /* App */ = {
			isa = PBXGroup;
			children = (
				D465CC6B2819989000D07E25 /* Info.plist */,
				D465CC5D2819988E00D07E25 /* AppDelegate.swift */,
				D465CC5F2819988E00D07E25 /* SceneDelegate.swift */,
			);
			path = App;
			sourceTree = "<group>";
		};
/* End PBXGroup section */

/* Begin PBXNativeTarget section */
		D465CC592819988E00D07E25 /* PhotoTapps */ = {
			isa = PBXNativeTarget;
			buildConfigurationList = D465CC6E2819989000D07E25 /* Build configuration list for PBXNativeTarget "PhotoTapps" */;
			buildPhases = (
				D465CC562819988E00D07E25 /* Sources */,
				D465CC572819988E00D07E25 /* Frameworks */,
				D465CC582819988E00D07E25 /* Resources */,
			);
			buildRules = (
			);
			dependencies = (
			);
			name = PhotoTapps;
			productName = PhotoTapps;
			productReference = D465CC5A2819988E00D07E25 /* PhotoTapps.app */;
			productType = "com.apple.product-type.application";
		};
/* End PBXNativeTarget section */

/* Begin PBXProject section */
		D465CC522819988E00D07E25 /* Project object */ = {
			isa = PBXProject;
			attributes = {
				BuildIndependentTargetsInParallel = 1;
				LastSwiftUpdateCheck = 1330;
				LastUpgradeCheck = 1330;
				TargetAttributes = {
					D465CC592819988E00D07E25 = {
						CreatedOnToolsVersion = 13.3.1;
					};
				};
			};
			buildConfigurationList = D465CC552819988E00D07E25 /* Build configuration list for PBXProject "PhotoTapps" */;
			compatibilityVersion = "Xcode 13.0";
			developmentRegion = en;
			hasScannedForEncodings = 0;
			knownRegions = (
				en,
				Base,
			);
			mainGroup = D465CC512819988E00D07E25;
			productRefGroup = D465CC5B2819988E00D07E25 /* Products */;
			projectDirPath = "";
			projectRoot = "";
			targets = (
				D465CC592819988E00D07E25 /* PhotoTapps */,
			);
		};
/* End PBXProject section */

/* Begin PBXResourcesBuildPhase section */
		D465CC582819988E00D07E25 /* Resources */ = {
			isa = PBXResourcesBuildPhase;
			buildActionMask = 2147483647;
			files = (
				D465CC6A2819989000D07E25 /* LaunchScreen.storyboard in Resources */,
				D465CC672819989000D07E25 /* Assets.xcassets in Resources */,
				D465CC652819988E00D07E25 /* Main.storyboard in Resources */,
			);
			runOnlyForDeploymentPostprocessing = 0;
		};
/* End PBXResourcesBuildPhase section */

/* Begin PBXSourcesBuildPhase section */
		D465CC562819988E00D07E25 /* Sources */ = {
			isa = PBXSourcesBuildPhase;
			buildActionMask = 2147483647;
			files = (
				D48623DA281A8437006897EF /* PhotoCell.swift in Sources */,
				D465CC5E2819988E00D07E25 /* AppDelegate.swift in Sources */,
				D465CC602819988E00D07E25 /* SceneDelegate.swift in Sources */,
				D465CC72281999EA00D07E25 /* PhotosCollectionViewController.swift in Sources */,
				D48623DC281ABB32006897EF /* PhotoViewController.swift in Sources */,
			);
			runOnlyForDeploymentPostprocessing = 0;
		};
/* End PBXSourcesBuildPhase section */

/* Begin PBXVariantGroup section */
		D465CC632819988E00D07E25 /* Main.storyboard */ = {
			isa = PBXVariantGroup;
			children = (
				D465CC642819988E00D07E25 /* Base */,
			);
			name = Main.storyboard;
			sourceTree = "<group>";
		};
		D465CC682819989000D07E25 /* LaunchScreen.storyboard */ = {
			isa = PBXVariantGroup;
			children = (
				D465CC692819989000D07E25 /* Base */,
			);
			name = LaunchScreen.storyboard;
			sourceTree = "<group>";
		};
/* End PBXVariantGroup section */

/* Begin XCBuildConfiguration section */
		D465CC6C2819989000D07E25 /* Debug */ = {
			isa = XCBuildConfiguration;
			buildSettings = {
				ALWAYS_SEARCH_USER_PATHS = NO;
				CLANG_ANALYZER_NONNULL = YES;
				CLANG_ANALYZER_NUMBER_OBJECT_CONVERSION = YES_AGGRESSIVE;
				CLANG_CXX_LANGUAGE_STANDARD = "gnu++17";
				CLANG_ENABLE_MODULES = YES;
				CLANG_ENABLE_OBJC_ARC = YES;
				CLANG_ENABLE_OBJC_WEAK = YES;
				CLANG_WARN_BLOCK_CAPTURE_AUTORELEASING = YES;
				CLANG_WARN_BOOL_CONVERSION = YES;
				CLANG_WARN_COMMA = YES;
				CLANG_WARN_CONSTANT_CONVERSION = YES;
				CLANG_WARN_DEPRECATED_OBJC_IMPLEMENTATIONS = YES;
				CLANG_WARN_DIRECT_OBJC_ISA_USAGE = YES_ERROR;
				CLANG_WARN_DOCUMENTATION_COMMENTS = YES;
				CLANG_WARN_EMPTY_BODY = YES;
				CLANG_WARN_ENUM_CONVERSION = YES;
				CLANG_WARN_INFINITE_RECURSION = YES;
				CLANG_WARN_INT_CONVERSION = YES;
				CLANG_WARN_NON_LITERAL_NULL_CONVERSION = YES;
				CLANG_WARN_OBJC_IMPLICIT_RETAIN_SELF = YES;
				CLANG_WARN_OBJC_LITERAL_CONVERSION = YES;
				CLANG_WARN_OBJC_ROOT_CLASS = YES_ERROR;
				CLANG_WARN_QUOTED_INCLUDE_IN_FRAMEWORK_HEADER = YES;
				CLANG_WARN_RANGE_LOOP_ANALYSIS = YES;
				CLANG_WARN_STRICT_PROTOTYPES = YES;
				CLANG_WARN_SUSPICIOUS_MOVE = YES;
				CLANG_WARN_UNGUARDED_AVAILABILITY = YES_AGGRESSIVE;
				CLANG_WARN_UNREACHABLE_CODE = YES;
				CLANG_WARN__DUPLICATE_METHOD_MATCH = YES;
				COPY_PHASE_STRIP = NO;
				DEBUG_INFORMATION_FORMAT = dwarf;
				ENABLE_STRICT_OBJC_MSGSEND = YES;
				ENABLE_TESTABILITY = YES;
				GCC_C_LANGUAGE_STANDARD = gnu11;
				GCC_DYNAMIC_NO_PIC = NO;
				GCC_NO_COMMON_BLOCKS = YES;
				GCC_OPTIMIZATION_LEVEL = 0;
				GCC_PREPROCESSOR_DEFINITIONS = (
					"DEBUG=1",
					"$(inherited)",
				);
				GCC_WARN_64_TO_32_BIT_CONVERSION = YES;
				GCC_WARN_ABOUT_RETURN_TYPE = YES_ERROR;
				GCC_WARN_UNDECLARED_SELECTOR = YES;
				GCC_WARN_UNINITIALIZED_AUTOS = YES_AGGRESSIVE;
				GCC_WARN_UNUSED_FUNCTION = YES;
				GCC_WARN_UNUSED_VARIABLE = YES;
				IPHONEOS_DEPLOYMENT_TARGET = 15.4;
				MTL_ENABLE_DEBUG_INFO = INCLUDE_SOURCE;
				MTL_FAST_MATH = YES;
				ONLY_ACTIVE_ARCH = YES;
				SDKROOT = iphoneos;
				SWIFT_ACTIVE_COMPILATION_CONDITIONS = DEBUG;
				SWIFT_OPTIMIZATION_LEVEL = "-Onone";
			};
			name = Debug;
		};
		D465CC6D2819989000D07E25 /* Release */ = {
			isa = XCBuildConfiguration;
			buildSettings = {
				ALWAYS_SEARCH_USER_PATHS = NO;
				CLANG_ANALYZER_NONNULL = YES;
				CLANG_ANALYZER_NUMBER_OBJECT_CONVERSION = YES_AGGRESSIVE;
				CLANG_CXX_LANGUAGE_STANDARD = "gnu++17";
				CLANG_ENABLE_MODULES = YES;
				CLANG_ENABLE_OBJC_ARC = YES;
				CLANG_ENABLE_OBJC_WEAK = YES;
				CLANG_WARN_BLOCK_CAPTURE_AUTORELEASING = YES;
				CLANG_WARN_BOOL_CONVERSION = YES;
				CLANG_WARN_COMMA = YES;
				CLANG_WARN_CONSTANT_CONVERSION = YES;
				CLANG_WARN_DEPRECATED_OBJC_IMPLEMENTATIONS = YES;
				CLANG_WARN_DIRECT_OBJC_ISA_USAGE = YES_ERROR;
				CLANG_WARN_DOCUMENTATION_COMMENTS = YES;
				CLANG_WARN_EMPTY_BODY = YES;
				CLANG_WARN_ENUM_CONVERSION = YES;
				CLANG_WARN_INFINITE_RECURSION = YES;
				CLANG_WARN_INT_CONVERSION = YES;
				CLANG_WARN_NON_LITERAL_NULL_CONVERSION = YES;
				CLANG_WARN_OBJC_IMPLICIT_RETAIN_SELF = YES;
				CLANG_WARN_OBJC_LITERAL_CONVERSION = YES;
				CLANG_WARN_OBJC_ROOT_CLASS = YES_ERROR;
				CLANG_WARN_QUOTED_INCLUDE_IN_FRAMEWORK_HEADER = YES;
				CLANG_WARN_RANGE_LOOP_ANALYSIS = YES;
				CLANG_WARN_STRICT_PROTOTYPES = YES;
				CLANG_WARN_SUSPICIOUS_MOVE = YES;
				CLANG_WARN_UNGUARDED_AVAILABILITY = YES_AGGRESSIVE;
				CLANG_WARN_UNREACHABLE_CODE = YES;
				CLANG_WARN__DUPLICATE_METHOD_MATCH = YES;
				COPY_PHASE_STRIP = NO;
				DEBUG_INFORMATION_FORMAT = "dwarf-with-dsym";
				ENABLE_NS_ASSERTIONS = NO;
				ENABLE_STRICT_OBJC_MSGSEND = YES;
				GCC_C_LANGUAGE_STANDARD = gnu11;
				GCC_NO_COMMON_BLOCKS = YES;
				GCC_WARN_64_TO_32_BIT_CONVERSION = YES;
				GCC_WARN_ABOUT_RETURN_TYPE = YES_ERROR;
				GCC_WARN_UNDECLARED_SELECTOR = YES;
				GCC_WARN_UNINITIALIZED_AUTOS = YES_AGGRESSIVE;
				GCC_WARN_UNUSED_FUNCTION = YES;
				GCC_WARN_UNUSED_VARIABLE = YES;
				IPHONEOS_DEPLOYMENT_TARGET = 15.4;
				MTL_ENABLE_DEBUG_INFO = NO;
				MTL_FAST_MATH = YES;
				SDKROOT = iphoneos;
				SWIFT_COMPILATION_MODE = wholemodule;
				SWIFT_OPTIMIZATION_LEVEL = "-O";
				VALIDATE_PRODUCT = YES;
			};
			name = Release;
		};
		D465CC6F2819989000D07E25 /* Debug */ = {
			isa = XCBuildConfiguration;
			buildSettings = {
				ASSETCATALOG_COMPILER_APPICON_NAME = AppIcon;
				ASSETCATALOG_COMPILER_GLOBAL_ACCENT_COLOR_NAME = AccentColor;
				CODE_SIGN_STYLE = Automatic;
				CURRENT_PROJECT_VERSION = 1;
				DEVELOPMENT_TEAM = VWJHPQLGW8;
				GENERATE_INFOPLIST_FILE = YES;
				INFOPLIST_FILE = PhotoTapps/App/Info.plist;
				INFOPLIST_KEY_UIApplicationSupportsIndirectInputEvents = YES;
				INFOPLIST_KEY_UILaunchStoryboardName = LaunchScreen;
				INFOPLIST_KEY_UIMainStoryboardFile = Main;
				INFOPLIST_KEY_UISupportedInterfaceOrientations_iPad = "UIInterfaceOrientationPortrait UIInterfaceOrientationPortraitUpsideDown UIInterfaceOrientationLandscapeLeft UIInterfaceOrientationLandscapeRight";
				INFOPLIST_KEY_UISupportedInterfaceOrientations_iPhone = "UIInterfaceOrientationPortrait UIInterfaceOrientationLandscapeLeft UIInterfaceOrientationLandscapeRight";
				LD_RUNPATH_SEARCH_PATHS = (
					"$(inherited)",
					"@executable_path/Frameworks",
				);
				MARKETING_VERSION = 1.0;
				PRODUCT_BUNDLE_IDENTIFIER = AleksandrF..PhotoTapps;
				PRODUCT_NAME = "$(TARGET_NAME)";
				SWIFT_EMIT_LOC_STRINGS = YES;
				SWIFT_VERSION = 5.0;
				TARGETED_DEVICE_FAMILY = "1,2";
			};
			name = Debug;
		};
		D465CC702819989000D07E25 /* Release */ = {
			isa = XCBuildConfiguration;
			buildSettings = {
				ASSETCATALOG_COMPILER_APPICON_NAME = AppIcon;
				ASSETCATALOG_COMPILER_GLOBAL_ACCENT_COLOR_NAME = AccentColor;
				CODE_SIGN_STYLE = Automatic;
				CURRENT_PROJECT_VERSION = 1;
				DEVELOPMENT_TEAM = VWJHPQLGW8;
				GENERATE_INFOPLIST_FILE = YES;
				INFOPLIST_FILE = PhotoTapps/App/Info.plist;
				INFOPLIST_KEY_UIApplicationSupportsIndirectInputEvents = YES;
				INFOPLIST_KEY_UILaunchStoryboardName = LaunchScreen;
				INFOPLIST_KEY_UIMainStoryboardFile = Main;
				INFOPLIST_KEY_UISupportedInterfaceOrientations_iPad = "UIInterfaceOrientationPortrait UIInterfaceOrientationPortraitUpsideDown UIInterfaceOrientationLandscapeLeft UIInterfaceOrientationLandscapeRight";
				INFOPLIST_KEY_UISupportedInterfaceOrientations_iPhone = "UIInterfaceOrientationPortrait UIInterfaceOrientationLandscapeLeft UIInterfaceOrientationLandscapeRight";
				LD_RUNPATH_SEARCH_PATHS = (
					"$(inherited)",
					"@executable_path/Frameworks",
				);
				MARKETING_VERSION = 1.0;
				PRODUCT_BUNDLE_IDENTIFIER = AleksandrF..PhotoTapps;
				PRODUCT_NAME = "$(TARGET_NAME)";
				SWIFT_EMIT_LOC_STRINGS = YES;
				SWIFT_VERSION = 5.0;
				TARGETED_DEVICE_FAMILY = "1,2";
			};
			name = Release;
		};
/* End XCBuildConfiguration section */

/* Begin XCConfigurationList section */
		D465CC552819988E00D07E25 /* Build configuration list for PBXProject "PhotoTapps" */ = {
			isa = XCConfigurationList;
			buildConfigurations = (
				D465CC6C2819989000D07E25 /* Debug */,
				D465CC6D2819989000D07E25 /* Release */,
			);
			defaultConfigurationIsVisible = 0;
			defaultConfigurationName = Release;
		};
		D465CC6E2819989000D07E25 /* Build configuration list for PBXNativeTarget "PhotoTapps" */ = {
			isa = XCConfigurationList;
			buildConfigurations = (
				D465CC6F2819989000D07E25 /* Debug */,
				D465CC702819989000D07E25 /* Release */,
			);
			defaultConfigurationIsVisible = 0;
			defaultConfigurationName = Release;
		};
/* End XCConfigurationList section */
	};
	rootObject = D465CC522819988E00D07E25 /* Project object */;
}
